
Microsoft Visual Studio Solution File, Format Version 12.00
# Visual Studio Version 17
VisualStudioVersion = 17.4.33103.184
MinimumVisualStudioVersion = 10.0.40219.1
Project("{FAE04EC0-301F-11D3-BF4B-00C04F79EFBC}") = "SeaBattle", "SeaBattle\SeaBattle.csproj", "{744EBE0C-FFDB-44B1-BF81-98C9FAC61431}"
EndProject
Global
	GlobalSection(SolutionConfigurationPlatforms) = preSolution
		Debug|Any CPU = Debug|Any CPU
		Release|Any CPU = Release|Any CPU
	EndGlobalSection
	GlobalSection(ProjectConfigurationPlatforms) = postSolution
		{744EBE0C-FFDB-44B1-BF81-98C9FAC61431}.Debug|Any CPU.ActiveCfg = Debug|Any CPU
		{744EBE0C-FFDB-44B1-BF81-98C9FAC61431}.Debug|Any CPU.Build.0 = Debug|Any CPU
		{744EBE0C-FFDB-44B1-BF81-98C9FAC61431}.Release|Any CPU.ActiveCfg = Release|Any CPU
		{744EBE0C-FFDB-44B1-BF81-98C9FAC61431}.Release|Any CPU.Build.0 = Release|Any CPU
	EndGlobalSection
	GlobalSection(SolutionProperties) = preSolution
		HideSolutionNode = FALSE
	EndGlobalSection
	GlobalSection(ExtensibilityGlobals) = postSolution
		SolutionGuid = {1781D7D5-9C45-4CA4-BA24-9DC9F5EC5763}
	EndGlobalSection
EndGlobal
